// !$*UTF8*$!
{
	archiveVersion = 1;
	classes = {
	};
	objectVersion = 50;
	objects = {

/* Begin PBXBuildFile section */
		4A143E9426C1C51800E701AA /* AppDelegate.swift in Sources */ = {isa = PBXBuildFile; fileRef = 4A143E9326C1C51800E701AA /* AppDelegate.swift */; };
		4A143E9826C1C51800E701AA /* GameViewController.swift in Sources */ = {isa = PBXBuildFile; fileRef = 4A143E9726C1C51800E701AA /* GameViewController.swift */; };
		4A143E9B26C1C51800E701AA /* Main.storyboard in Resources */ = {isa = PBXBuildFile; fileRef = 4A143E9926C1C51800E701AA /* Main.storyboard */; };
		4A143E9D26C1C51900E701AA /* Assets.xcassets in Resources */ = {isa = PBXBuildFile; fileRef = 4A143E9C26C1C51900E701AA /* Assets.xcassets */; };
		4A143EA626C3233C00E701AA /* Extensions.swift in Sources */ = {isa = PBXBuildFile; fileRef = 4A143EA526C3233C00E701AA /* Extensions.swift */; };
		4A143EA826C36D8000E701AA /* HandNode.swift in Sources */ = {isa = PBXBuildFile; fileRef = 4A143EA726C36D8000E701AA /* HandNode.swift */; };
		4A143EAA26C3795800E701AA /* BallNode.swift in Sources */ = {isa = PBXBuildFile; fileRef = 4A143EA926C3795800E701AA /* BallNode.swift */; };
		4AAA96F226C48C5500291589 /* Launch Screen.storyboard in Resources */ = {isa = PBXBuildFile; fileRef = 4AAA96F126C48C5500291589 /* Launch Screen.storyboard */; };
/* End PBXBuildFile section */

/* Begin PBXFileReference section */
		4A143E9026C1C51800E701AA /* Juggle.app */ = {isa = PBXFileReference; explicitFileType = wrapper.application; includeInIndex = 0; path = Juggle.app; sourceTree = BUILT_PRODUCTS_DIR; };
		4A143E9326C1C51800E701AA /* AppDelegate.swift */ = {isa = PBXFileReference; lastKnownFileType = sourcecode.swift; path = AppDelegate.swift; sourceTree = "<group>"; };
		4A143E9726C1C51800E701AA /* GameViewController.swift */ = {isa = PBXFileReference; lastKnownFileType = sourcecode.swift; path = GameViewController.swift; sourceTree = "<group>"; };
		4A143E9A26C1C51800E701AA /* Base */ = {isa = PBXFileReference; lastKnownFileType = file.storyboard; name = Base; path = Base.lproj/Main.storyboard; sourceTree = "<group>"; };
		4A143E9C26C1C51900E701AA /* Assets.xcassets */ = {isa = PBXFileReference; lastKnownFileType = folder.assetcatalog; path = Assets.xcassets; sourceTree = "<group>"; };
		4A143E9E26C1C51900E701AA /* Info.plist */ = {isa = PBXFileReference; lastKnownFileType = text.plist.xml; path = Info.plist; sourceTree = "<group>"; };
		4A143EA526C3233C00E701AA /* Extensions.swift */ = {isa = PBXFileReference; lastKnownFileType = sourcecode.swift; path = Extensions.swift; sourceTree = "<group>"; };
		4A143EA726C36D8000E701AA /* HandNode.swift */ = {isa = PBXFileReference; lastKnownFileType = sourcecode.swift; path = HandNode.swift; sourceTree = "<group>"; };
		4A143EA926C3795800E701AA /* BallNode.swift */ = {isa = PBXFileReference; lastKnownFileType = sourcecode.swift; path = BallNode.swift; sourceTree = "<group>"; };
		4AAA96F126C48C5500291589 /* Launch Screen.storyboard */ = {isa = PBXFileReference; lastKnownFileType = file.storyboard; path = "Launch Screen.storyboard"; sourceTree = "<group>"; };
/* End PBXFileReference section */

/* Begin PBXFrameworksBuildPhase section */
		4A143E8D26C1C51800E701AA /* Frameworks */ = {
			isa = PBXFrameworksBuildPhase;
			buildActionMask = 2147483647;
			files = (
			);
			runOnlyForDeploymentPostprocessing = 0;
		};
/* End PBXFrameworksBuildPhase section */

/* Begin PBXGroup section */
		4A143E8726C1C51800E701AA = {
			isa = PBXGroup;
			children = (
				4A143E9226C1C51800E701AA /* Juggle */,
				4A143E9126C1C51800E701AA /* Products */,
			);
			sourceTree = "<group>";
		};
		4A143E9126C1C51800E701AA /* Products */ = {
			isa = PBXGroup;
			children = (
				4A143E9026C1C51800E701AA /* Juggle.app */,
			);
			name = Products;
			sourceTree = "<group>";
		};
		4A143E9226C1C51800E701AA /* Juggle */ = {
			isa = PBXGroup;
			children = (
				4A143E9926C1C51800E701AA /* Main.storyboard */,
				4A143E9726C1C51800E701AA /* GameViewController.swift */,
				4A143EA726C36D8000E701AA /* HandNode.swift */,
				4A143EA926C3795800E701AA /* BallNode.swift */,
				4A143EA526C3233C00E701AA /* Extensions.swift */,
				4A143EA426C1C5A600E701AA /* Supporting Files */,
				4A143E9E26C1C51900E701AA /* Info.plist */,
			);
			path = Juggle;
			sourceTree = "<group>";
		};
		4A143EA426C1C5A600E701AA /* Supporting Files */ = {
			isa = PBXGroup;
			children = (
				4A143E9326C1C51800E701AA /* AppDelegate.swift */,
				4A143E9C26C1C51900E701AA /* Assets.xcassets */,
				4AAA96F126C48C5500291589 /* Launch Screen.storyboard */,
			);
			path = "Supporting Files";
			sourceTree = "<group>";
		};
/* End PBXGroup section */

/* Begin PBXNativeTarget section */
		4A143E8F26C1C51800E701AA /* Juggle */ = {
			isa = PBXNativeTarget;
			buildConfigurationList = 4A143EA126C1C51900E701AA /* Build configuration list for PBXNativeTarget "Juggle" */;
			buildPhases = (
				4A143E8C26C1C51800E701AA /* Sources */,
				4A143E8D26C1C51800E701AA /* Frameworks */,
				4A143E8E26C1C51800E701AA /* Resources */,
			);
			buildRules = (
			);
			dependencies = (
			);
			name = Juggle;
			productName = Juggle;
			productReference = 4A143E9026C1C51800E701AA /* Juggle.app */;
			productType = "com.apple.product-type.application";
		};
/* End PBXNativeTarget section */

/* Begin PBXProject section */
		4A143E8826C1C51800E701AA /* Project object */ = {
			isa = PBXProject;
			attributes = {
				LastSwiftUpdateCheck = 1250;
				LastUpgradeCheck = 1250;
				TargetAttributes = {
					4A143E8F26C1C51800E701AA = {
						CreatedOnToolsVersion = 12.5.1;
					};
				};
			};
			buildConfigurationList = 4A143E8B26C1C51800E701AA /* Build configuration list for PBXProject "Juggle" */;
			compatibilityVersion = "Xcode 9.3";
			developmentRegion = en;
			hasScannedForEncodings = 0;
			knownRegions = (
				en,
				Base,
			);
			mainGroup = 4A143E8726C1C51800E701AA;
			productRefGroup = 4A143E9126C1C51800E701AA /* Products */;
			projectDirPath = "";
			projectRoot = "";
			targets = (
				4A143E8F26C1C51800E701AA /* Juggle */,
			);
		};
/* End PBXProject section */

/* Begin PBXResourcesBuildPhase section */
		4A143E8E26C1C51800E701AA /* Resources */ = {
			isa = PBXResourcesBuildPhase;
			buildActionMask = 2147483647;
			files = (
				4AAA96F226C48C5500291589 /* Launch Screen.storyboard in Resources */,
				4A143E9D26C1C51900E701AA /* Assets.xcassets in Resources */,
				4A143E9B26C1C51800E701AA /* Main.storyboard in Resources */,
			);
			runOnlyForDeploymentPostprocessing = 0;
		};
/* End PBXResourcesBuildPhase section */

/* Begin PBXSourcesBuildPhase section */
		4A143E8C26C1C51800E701AA /* Sources */ = {
			isa = PBXSourcesBuildPhase;
			buildActionMask = 2147483647;
			files = (
				4A143E9826C1C51800E701AA /* GameViewController.swift in Sources */,
				4A143EA626C3233C00E701AA /* Extensions.swift in Sources */,
				4A143EAA26C3795800E701AA /* BallNode.swift in Sources */,
				4A143EA826C36D8000E701AA /* HandNode.swift in Sources */,
				4A143E9426C1C51800E701AA /* AppDelegate.swift in Sources */,
			);
			runOnlyForDeploymentPostprocessing = 0;
		};
/* End PBXSourcesBuildPhase section */

/* Begin PBXVariantGroup section */
		4A143E9926C1C51800E701AA /* Main.storyboard */ = {
			isa = PBXVariantGroup;
			children = (
				4A143E9A26C1C51800E701AA /* Base */,
			);
			name = Main.storyboard;
			sourceTree = "<group>";
		};
/* End PBXVariantGroup section */

/* Begin XCBuildConfiguration section */
		4A143E9F26C1C51900E701AA /* Debug */ = {
			isa = XCBuildConfiguration;
			buildSettings = {
				ALWAYS_SEARCH_USER_PATHS = NO;
				CLANG_ANALYZER_NONNULL = YES;
				CLANG_ANALYZER_NUMBER_OBJECT_CONVERSION = YES_AGGRESSIVE;
				CLANG_CXX_LANGUAGE_STANDARD = "gnu++14";
				CLANG_CXX_LIBRARY = "libc++";
				CLANG_ENABLE_MODULES = YES;
				CLANG_ENABLE_OBJC_ARC = YES;
				CLANG_ENABLE_OBJC_WEAK = YES;
				CLANG_WARN_BLOCK_CAPTURE_AUTORELEASING = YES;
				CLANG_WARN_BOOL_CONVERSION = YES;
				CLANG_WARN_COMMA = YES;
				CLANG_WARN_CONSTANT_CONVERSION = YES;
				CLANG_WARN_DEPRECATED_OBJC_IMPLEMENTATIONS = YES;
				CLANG_WARN_DIRECT_OBJC_ISA_USAGE = YES_ERROR;
				CLANG_WARN_DOCUMENTATION_COMMENTS = YES;
				CLANG_WARN_EMPTY_BODY = YES;
				CLANG_WARN_ENUM_CONVERSION = YES;
				CLANG_WARN_INFINITE_RECURSION = YES;
				CLANG_WARN_INT_CONVERSION = YES;
				CLANG_WARN_NON_LITERAL_NULL_CONVERSION = YES;
				CLANG_WARN_OBJC_IMPLICIT_RETAIN_SELF = YES;
				CLANG_WARN_OBJC_LITERAL_CONVERSION = YES;
				CLANG_WARN_OBJC_ROOT_CLASS = YES_ERROR;
				CLANG_WARN_QUOTED_INCLUDE_IN_FRAMEWORK_HEADER = YES;
				CLANG_WARN_RANGE_LOOP_ANALYSIS = YES;
				CLANG_WARN_STRICT_PROTOTYPES = YES;
				CLANG_WARN_SUSPICIOUS_MOVE = YES;
				CLANG_WARN_UNGUARDED_AVAILABILITY = YES_AGGRESSIVE;
				CLANG_WARN_UNREACHABLE_CODE = YES;
				CLANG_WARN__DUPLICATE_METHOD_MATCH = YES;
				COPY_PHASE_STRIP = NO;
				DEBUG_INFORMATION_FORMAT = dwarf;
				ENABLE_STRICT_OBJC_MSGSEND = YES;
				ENABLE_TESTABILITY = YES;
				GCC_C_LANGUAGE_STANDARD = gnu11;
				GCC_DYNAMIC_NO_PIC = NO;
				GCC_NO_COMMON_BLOCKS = YES;
				GCC_OPTIMIZATION_LEVEL = 0;
				GCC_PREPROCESSOR_DEFINITIONS = (
					"DEBUG=1",
					"$(inherited)",
				);
				GCC_WARN_64_TO_32_BIT_CONVERSION = YES;
				GCC_WARN_ABOUT_RETURN_TYPE = YES_ERROR;
				GCC_WARN_UNDECLARED_SELECTOR = YES;
				GCC_WARN_UNINITIALIZED_AUTOS = YES_AGGRESSIVE;
				GCC_WARN_UNUSED_FUNCTION = YES;
				GCC_WARN_UNUSED_VARIABLE = YES;
				IPHONEOS_DEPLOYMENT_TARGET = 14.5;
				MTL_ENABLE_DEBUG_INFO = INCLUDE_SOURCE;
				MTL_FAST_MATH = YES;
				ONLY_ACTIVE_ARCH = YES;
				SDKROOT = iphoneos;
				SWIFT_ACTIVE_COMPILATION_CONDITIONS = DEBUG;
				SWIFT_OPTIMIZATION_LEVEL = "-Onone";
			};
			name = Debug;
		};
		4A143EA026C1C51900E701AA /* Release */ = {
			isa = XCBuildConfiguration;
			buildSettings = {
				ALWAYS_SEARCH_USER_PATHS = NO;
				CLANG_ANALYZER_NONNULL = YES;
				CLANG_ANALYZER_NUMBER_OBJECT_CONVERSION = YES_AGGRESSIVE;
				CLANG_CXX_LANGUAGE_STANDARD = "gnu++14";
				CLANG_CXX_LIBRARY = "libc++";
				CLANG_ENABLE_MODULES = YES;
				CLANG_ENABLE_OBJC_ARC = YES;
				CLANG_ENABLE_OBJC_WEAK = YES;
				CLANG_WARN_BLOCK_CAPTURE_AUTORELEASING = YES;
				CLANG_WARN_BOOL_CONVERSION = YES;
				CLANG_WARN_COMMA = YES;
				CLANG_WARN_CONSTANT_CONVERSION = YES;
				CLANG_WARN_DEPRECATED_OBJC_IMPLEMENTATIONS = YES;
				CLANG_WARN_DIRECT_OBJC_ISA_USAGE = YES_ERROR;
				CLANG_WARN_DOCUMENTATION_COMMENTS = YES;
				CLANG_WARN_EMPTY_BODY = YES;
				CLANG_WARN_ENUM_CONVERSION = YES;
				CLANG_WARN_INFINITE_RECURSION = YES;
				CLANG_WARN_INT_CONVERSION = YES;
				CLANG_WARN_NON_LITERAL_NULL_CONVERSION = YES;
				CLANG_WARN_OBJC_IMPLICIT_RETAIN_SELF = YES;
				CLANG_WARN_OBJC_LITERAL_CONVERSION = YES;
				CLANG_WARN_OBJC_ROOT_CLASS = YES_ERROR;
				CLANG_WARN_QUOTED_INCLUDE_IN_FRAMEWORK_HEADER = YES;
				CLANG_WARN_RANGE_LOOP_ANALYSIS = YES;
				CLANG_WARN_STRICT_PROTOTYPES = YES;
				CLANG_WARN_SUSPICIOUS_MOVE = YES;
				CLANG_WARN_UNGUARDED_AVAILABILITY = YES_AGGRESSIVE;
				CLANG_WARN_UNREACHABLE_CODE = YES;
				CLANG_WARN__DUPLICATE_METHOD_MATCH = YES;
				COPY_PHASE_STRIP = NO;
				DEBUG_INFORMATION_FORMAT = "dwarf-with-dsym";
				ENABLE_NS_ASSERTIONS = NO;
				ENABLE_STRICT_OBJC_MSGSEND = YES;
				GCC_C_LANGUAGE_STANDARD = gnu11;
				GCC_NO_COMMON_BLOCKS = YES;
				GCC_WARN_64_TO_32_BIT_CONVERSION = YES;
				GCC_WARN_ABOUT_RETURN_TYPE = YES_ERROR;
				GCC_WARN_UNDECLARED_SELECTOR = YES;
				GCC_WARN_UNINITIALIZED_AUTOS = YES_AGGRESSIVE;
				GCC_WARN_UNUSED_FUNCTION = YES;
				GCC_WARN_UNUSED_VARIABLE = YES;
				IPHONEOS_DEPLOYMENT_TARGET = 14.5;
				MTL_ENABLE_DEBUG_INFO = NO;
				MTL_FAST_MATH = YES;
				SDKROOT = iphoneos;
				SWIFT_COMPILATION_MODE = wholemodule;
				SWIFT_OPTIMIZATION_LEVEL = "-O";
				VALIDATE_PRODUCT = YES;
			};
			name = Release;
		};
		4A143EA226C1C51900E701AA /* Debug */ = {
			isa = XCBuildConfiguration;
			buildSettings = {
				ASSETCATALOG_COMPILER_APPICON_NAME = AppIcon;
				ASSETCATALOG_COMPILER_GLOBAL_ACCENT_COLOR_NAME = AccentColor;
				CODE_SIGN_STYLE = Automatic;
				DEVELOPMENT_TEAM = 65Z9KA7SHC;
				INFOPLIST_FILE = Juggle/Info.plist;
				LD_RUNPATH_SEARCH_PATHS = (
					"$(inherited)",
					"@executable_path/Frameworks",
				);
				PRODUCT_BUNDLE_IDENTIFIER = com.stern.Juggle;
				PRODUCT_NAME = "$(TARGET_NAME)";
				SWIFT_VERSION = 5.0;
				TARGETED_DEVICE_FAMILY = "1,2";
			};
			name = Debug;
		};
		4A143EA326C1C51900E701AA /* Release */ = {
			isa = XCBuildConfiguration;
			buildSettings = {
				ASSETCATALOG_COMPILER_APPICON_NAME = AppIcon;
				ASSETCATALOG_COMPILER_GLOBAL_ACCENT_COLOR_NAME = AccentColor;
				CODE_SIGN_STYLE = Automatic;
				DEVELOPMENT_TEAM = 65Z9KA7SHC;
				INFOPLIST_FILE = Juggle/Info.plist;
				LD_RUNPATH_SEARCH_PATHS = (
					"$(inherited)",
					"@executable_path/Frameworks",
				);
				PRODUCT_BUNDLE_IDENTIFIER = com.stern.Juggle;
				PRODUCT_NAME = "$(TARGET_NAME)";
				SWIFT_VERSION = 5.0;
				TARGETED_DEVICE_FAMILY = "1,2";
			};
			name = Release;
		};
/* End XCBuildConfiguration section */

/* Begin XCConfigurationList section */
		4A143E8B26C1C51800E701AA /* Build configuration list for PBXProject "Juggle" */ = {
			isa = XCConfigurationList;
			buildConfigurations = (
				4A143E9F26C1C51900E701AA /* Debug */,
				4A143EA026C1C51900E701AA /* Release */,
			);
			defaultConfigurationIsVisible = 0;
			defaultConfigurationName = Release;
		};
		4A143EA126C1C51900E701AA /* Build configuration list for PBXNativeTarget "Juggle" */ = {
			isa = XCConfigurationList;
			buildConfigurations = (
				4A143EA226C1C51900E701AA /* Debug */,
				4A143EA326C1C51900E701AA /* Release */,
			);
			defaultConfigurationIsVisible = 0;
			defaultConfigurationName = Release;
		};
/* End XCConfigurationList section */
	};
	rootObject = 4A143E8826C1C51800E701AA /* Project object */;
}
